// !$*UTF8*$!
{
	archiveVersion = 1;
	classes = {
	};
	objectVersion = 55;
	objects = {

/* Begin PBXBuildFile section */
		038AFD86282C6617002BB1A2 /* RemoteDataMananger.swift in Sources */ = {isa = PBXBuildFile; fileRef = 038AFD85282C6617002BB1A2 /* RemoteDataMananger.swift */; };
		038AFD88282C6887002BB1A2 /* HomeViewController.swift in Sources */ = {isa = PBXBuildFile; fileRef = 038AFD87282C6887002BB1A2 /* HomeViewController.swift */; };
		038AFD8B282C68D2002BB1A2 /* ResponseListModel.swift in Sources */ = {isa = PBXBuildFile; fileRef = 038AFD8A282C68D2002BB1A2 /* ResponseListModel.swift */; };
		038AFD8E282D5EF6002BB1A2 /* CatBreed.swift in Sources */ = {isa = PBXBuildFile; fileRef = 038AFD8D282D5EF6002BB1A2 /* CatBreed.swift */; };
		038AFD90282D6011002BB1A2 /* ImageExtension.swift in Sources */ = {isa = PBXBuildFile; fileRef = 038AFD8F282D6011002BB1A2 /* ImageExtension.swift */; };
		038AFD92282D75BB002BB1A2 /* DetailViewController.swift in Sources */ = {isa = PBXBuildFile; fileRef = 038AFD91282D75BB002BB1A2 /* DetailViewController.swift */; };
		038AFD95282D936E002BB1A2 /* CatBreedModel.xcdatamodeld in Sources */ = {isa = PBXBuildFile; fileRef = 038AFD93282D936E002BB1A2 /* CatBreedModel.xcdatamodeld */; };
		038AFD9B282D9EB3002BB1A2 /* VotesTableViewController.swift in Sources */ = {isa = PBXBuildFile; fileRef = 038AFD9A282D9EB3002BB1A2 /* VotesTableViewController.swift */; };
		03B4F9C3282C64E800FF9A71 /* AppDelegate.swift in Sources */ = {isa = PBXBuildFile; fileRef = 03B4F9C2282C64E800FF9A71 /* AppDelegate.swift */; };
		03B4F9C5282C64E800FF9A71 /* SceneDelegate.swift in Sources */ = {isa = PBXBuildFile; fileRef = 03B4F9C4282C64E800FF9A71 /* SceneDelegate.swift */; };
		03B4F9CA282C64E800FF9A71 /* Main.storyboard in Resources */ = {isa = PBXBuildFile; fileRef = 03B4F9C8282C64E800FF9A71 /* Main.storyboard */; };
		03B4F9CC282C64EB00FF9A71 /* Assets.xcassets in Resources */ = {isa = PBXBuildFile; fileRef = 03B4F9CB282C64EB00FF9A71 /* Assets.xcassets */; };
		03B4F9CF282C64EB00FF9A71 /* LaunchScreen.storyboard in Resources */ = {isa = PBXBuildFile; fileRef = 03B4F9CD282C64EB00FF9A71 /* LaunchScreen.storyboard */; };
/* End PBXBuildFile section */

/* Begin PBXFileReference section */
		038AFD85282C6617002BB1A2 /* RemoteDataMananger.swift */ = {isa = PBXFileReference; lastKnownFileType = sourcecode.swift; path = RemoteDataMananger.swift; sourceTree = "<group>"; };
		038AFD87282C6887002BB1A2 /* HomeViewController.swift */ = {isa = PBXFileReference; lastKnownFileType = sourcecode.swift; path = HomeViewController.swift; sourceTree = "<group>"; };
		038AFD8A282C68D2002BB1A2 /* ResponseListModel.swift */ = {isa = PBXFileReference; lastKnownFileType = sourcecode.swift; path = ResponseListModel.swift; sourceTree = "<group>"; };
		038AFD8D282D5EF6002BB1A2 /* CatBreed.swift */ = {isa = PBXFileReference; lastKnownFileType = sourcecode.swift; path = CatBreed.swift; sourceTree = "<group>"; };
		038AFD8F282D6011002BB1A2 /* ImageExtension.swift */ = {isa = PBXFileReference; lastKnownFileType = sourcecode.swift; path = ImageExtension.swift; sourceTree = "<group>"; };
		038AFD91282D75BB002BB1A2 /* DetailViewController.swift */ = {isa = PBXFileReference; lastKnownFileType = sourcecode.swift; path = DetailViewController.swift; sourceTree = "<group>"; };
		038AFD94282D936E002BB1A2 /* CatBreedModel.xcdatamodel */ = {isa = PBXFileReference; lastKnownFileType = wrapper.xcdatamodel; path = CatBreedModel.xcdatamodel; sourceTree = "<group>"; };
		038AFD9A282D9EB3002BB1A2 /* VotesTableViewController.swift */ = {isa = PBXFileReference; lastKnownFileType = sourcecode.swift; path = VotesTableViewController.swift; sourceTree = "<group>"; };
		03B4F9BF282C64E800FF9A71 /* CatVoteIOS.app */ = {isa = PBXFileReference; explicitFileType = wrapper.application; includeInIndex = 0; path = CatVoteIOS.app; sourceTree = BUILT_PRODUCTS_DIR; };
		03B4F9C2282C64E800FF9A71 /* AppDelegate.swift */ = {isa = PBXFileReference; lastKnownFileType = sourcecode.swift; path = AppDelegate.swift; sourceTree = "<group>"; };
		03B4F9C4282C64E800FF9A71 /* SceneDelegate.swift */ = {isa = PBXFileReference; lastKnownFileType = sourcecode.swift; path = SceneDelegate.swift; sourceTree = "<group>"; };
		03B4F9C9282C64E800FF9A71 /* Base */ = {isa = PBXFileReference; lastKnownFileType = file.storyboard; name = Base; path = Base.lproj/Main.storyboard; sourceTree = "<group>"; };
		03B4F9CB282C64EB00FF9A71 /* Assets.xcassets */ = {isa = PBXFileReference; lastKnownFileType = folder.assetcatalog; path = Assets.xcassets; sourceTree = "<group>"; };
		03B4F9CE282C64EB00FF9A71 /* Base */ = {isa = PBXFileReference; lastKnownFileType = file.storyboard; name = Base; path = Base.lproj/LaunchScreen.storyboard; sourceTree = "<group>"; };
		03B4F9D0282C64EB00FF9A71 /* Info.plist */ = {isa = PBXFileReference; lastKnownFileType = text.plist.xml; path = Info.plist; sourceTree = "<group>"; };
/* End PBXFileReference section */

/* Begin PBXFrameworksBuildPhase section */
		03B4F9BC282C64E800FF9A71 /* Frameworks */ = {
			isa = PBXFrameworksBuildPhase;
			buildActionMask = 2147483647;
			files = (
			);
			runOnlyForDeploymentPostprocessing = 0;
		};
/* End PBXFrameworksBuildPhase section */

/* Begin PBXGroup section */
		038AFD9C282DAC8E002BB1A2 /* Home */ = {
			isa = PBXGroup;
			children = (
				038AFD8D282D5EF6002BB1A2 /* CatBreed.swift */,
				038AFD87282C6887002BB1A2 /* HomeViewController.swift */,
			);
			path = Home;
			sourceTree = "<group>";
		};
		038AFD9D282DACAA002BB1A2 /* Votes */ = {
			isa = PBXGroup;
			children = (
				038AFD93282D936E002BB1A2 /* CatBreedModel.xcdatamodeld */,
				038AFD9A282D9EB3002BB1A2 /* VotesTableViewController.swift */,
			);
			path = Votes;
			sourceTree = "<group>";
		};
		038AFD9E282DACC8002BB1A2 /* Detail */ = {
			isa = PBXGroup;
			children = (
				038AFD91282D75BB002BB1A2 /* DetailViewController.swift */,
			);
			path = Detail;
			sourceTree = "<group>";
		};
		038AFD9F282DACDF002BB1A2 /* RemoteDataMananger */ = {
			isa = PBXGroup;
			children = (
				038AFD85282C6617002BB1A2 /* RemoteDataMananger.swift */,
				038AFD8A282C68D2002BB1A2 /* ResponseListModel.swift */,
			);
			path = RemoteDataMananger;
			sourceTree = "<group>";
		};
		03B4F9B6282C64E800FF9A71 = {
			isa = PBXGroup;
			children = (
				03B4F9C1282C64E800FF9A71 /* CatVoteIOS */,
				03B4F9C0282C64E800FF9A71 /* Products */,
			);
			sourceTree = "<group>";
		};
		03B4F9C0282C64E800FF9A71 /* Products */ = {
			isa = PBXGroup;
			children = (
				03B4F9BF282C64E800FF9A71 /* CatVoteIOS.app */,
			);
			name = Products;
			sourceTree = "<group>";
		};
		03B4F9C1282C64E800FF9A71 /* CatVoteIOS */ = {
			isa = PBXGroup;
			children = (
				038AFD9F282DACDF002BB1A2 /* RemoteDataMananger */,
				038AFD9E282DACC8002BB1A2 /* Detail */,
				038AFD9D282DACAA002BB1A2 /* Votes */,
				038AFD9C282DAC8E002BB1A2 /* Home */,
				03B4F9C2282C64E800FF9A71 /* AppDelegate.swift */,
				03B4F9C4282C64E800FF9A71 /* SceneDelegate.swift */,
				03B4F9C8282C64E800FF9A71 /* Main.storyboard */,
				03B4F9CB282C64EB00FF9A71 /* Assets.xcassets */,
				03B4F9D0282C64EB00FF9A71 /* Info.plist */,
				03B4F9CD282C64EB00FF9A71 /* LaunchScreen.storyboard */,
				038AFD8F282D6011002BB1A2 /* ImageExtension.swift */,
			);
			path = CatVoteIOS;
			sourceTree = "<group>";
		};
/* End PBXGroup section */

/* Begin PBXNativeTarget section */
		03B4F9BE282C64E800FF9A71 /* CatVoteIOS */ = {
			isa = PBXNativeTarget;
			buildConfigurationList = 03B4F9D3282C64EB00FF9A71 /* Build configuration list for PBXNativeTarget "CatVoteIOS" */;
			buildPhases = (
				03B4F9BB282C64E800FF9A71 /* Sources */,
				03B4F9BC282C64E800FF9A71 /* Frameworks */,
				03B4F9BD282C64E800FF9A71 /* Resources */,
			);
			buildRules = (
			);
			dependencies = (
			);
			name = CatVoteIOS;
			productName = CatVoteIOS;
			productReference = 03B4F9BF282C64E800FF9A71 /* CatVoteIOS.app */;
			productType = "com.apple.product-type.application";
		};
/* End PBXNativeTarget section */

/* Begin PBXProject section */
		03B4F9B7282C64E800FF9A71 /* Project object */ = {
			isa = PBXProject;
			attributes = {
				BuildIndependentTargetsInParallel = 1;
				LastSwiftUpdateCheck = 1310;
				LastUpgradeCheck = 1310;
				TargetAttributes = {
					03B4F9BE282C64E800FF9A71 = {
						CreatedOnToolsVersion = 13.1;
					};
				};
			};
			buildConfigurationList = 03B4F9BA282C64E800FF9A71 /* Build configuration list for PBXProject "CatVoteIOS" */;
			compatibilityVersion = "Xcode 13.0";
			developmentRegion = en;
			hasScannedForEncodings = 0;
			knownRegions = (
				en,
				Base,
			);
			mainGroup = 03B4F9B6282C64E800FF9A71;
			productRefGroup = 03B4F9C0282C64E800FF9A71 /* Products */;
			projectDirPath = "";
			projectRoot = "";
			targets = (
				03B4F9BE282C64E800FF9A71 /* CatVoteIOS */,
			);
		};
/* End PBXProject section */

/* Begin PBXResourcesBuildPhase section */
		03B4F9BD282C64E800FF9A71 /* Resources */ = {
			isa = PBXResourcesBuildPhase;
			buildActionMask = 2147483647;
			files = (
				03B4F9CF282C64EB00FF9A71 /* LaunchScreen.storyboard in Resources */,
				03B4F9CC282C64EB00FF9A71 /* Assets.xcassets in Resources */,
				03B4F9CA282C64E800FF9A71 /* Main.storyboard in Resources */,
			);
			runOnlyForDeploymentPostprocessing = 0;
		};
/* End PBXResourcesBuildPhase section */

/* Begin PBXSourcesBuildPhase section */
		03B4F9BB282C64E800FF9A71 /* Sources */ = {
			isa = PBXSourcesBuildPhase;
			buildActionMask = 2147483647;
			files = (
				03B4F9C3282C64E800FF9A71 /* AppDelegate.swift in Sources */,
				038AFD86282C6617002BB1A2 /* RemoteDataMananger.swift in Sources */,
				03B4F9C5282C64E800FF9A71 /* SceneDelegate.swift in Sources */,
				038AFD90282D6011002BB1A2 /* ImageExtension.swift in Sources */,
				038AFD8B282C68D2002BB1A2 /* ResponseListModel.swift in Sources */,
				038AFD88282C6887002BB1A2 /* HomeViewController.swift in Sources */,
				038AFD8E282D5EF6002BB1A2 /* CatBreed.swift in Sources */,
				038AFD9B282D9EB3002BB1A2 /* VotesTableViewController.swift in Sources */,
				038AFD95282D936E002BB1A2 /* CatBreedModel.xcdatamodeld in Sources */,
				038AFD92282D75BB002BB1A2 /* DetailViewController.swift in Sources */,
			);
			runOnlyForDeploymentPostprocessing = 0;
		};
/* End PBXSourcesBuildPhase section */

/* Begin PBXVariantGroup section */
		03B4F9C8282C64E800FF9A71 /* Main.storyboard */ = {
			isa = PBXVariantGroup;
			children = (
				03B4F9C9282C64E800FF9A71 /* Base */,
			);
			name = Main.storyboard;
			sourceTree = "<group>";
		};
		03B4F9CD282C64EB00FF9A71 /* LaunchScreen.storyboard */ = {
			isa = PBXVariantGroup;
			children = (
				03B4F9CE282C64EB00FF9A71 /* Base */,
			);
			name = LaunchScreen.storyboard;
			sourceTree = "<group>";
		};
/* End PBXVariantGroup section */

/* Begin XCBuildConfiguration section */
		03B4F9D1282C64EB00FF9A71 /* Debug */ = {
			isa = XCBuildConfiguration;
			buildSettings = {
				ALWAYS_SEARCH_USER_PATHS = NO;
				CLANG_ANALYZER_NONNULL = YES;
				CLANG_ANALYZER_NUMBER_OBJECT_CONVERSION = YES_AGGRESSIVE;
				CLANG_CXX_LANGUAGE_STANDARD = "gnu++17";
				CLANG_CXX_LIBRARY = "libc++";
				CLANG_ENABLE_MODULES = YES;
				CLANG_ENABLE_OBJC_ARC = YES;
				CLANG_ENABLE_OBJC_WEAK = YES;
				CLANG_WARN_BLOCK_CAPTURE_AUTORELEASING = YES;
				CLANG_WARN_BOOL_CONVERSION = YES;
				CLANG_WARN_COMMA = YES;
				CLANG_WARN_CONSTANT_CONVERSION = YES;
				CLANG_WARN_DEPRECATED_OBJC_IMPLEMENTATIONS = YES;
				CLANG_WARN_DIRECT_OBJC_ISA_USAGE = YES_ERROR;
				CLANG_WARN_DOCUMENTATION_COMMENTS = YES;
				CLANG_WARN_EMPTY_BODY = YES;
				CLANG_WARN_ENUM_CONVERSION = YES;
				CLANG_WARN_INFINITE_RECURSION = YES;
				CLANG_WARN_INT_CONVERSION = YES;
				CLANG_WARN_NON_LITERAL_NULL_CONVERSION = YES;
				CLANG_WARN_OBJC_IMPLICIT_RETAIN_SELF = YES;
				CLANG_WARN_OBJC_LITERAL_CONVERSION = YES;
				CLANG_WARN_OBJC_ROOT_CLASS = YES_ERROR;
				CLANG_WARN_QUOTED_INCLUDE_IN_FRAMEWORK_HEADER = YES;
				CLANG_WARN_RANGE_LOOP_ANALYSIS = YES;
				CLANG_WARN_STRICT_PROTOTYPES = YES;
				CLANG_WARN_SUSPICIOUS_MOVE = YES;
				CLANG_WARN_UNGUARDED_AVAILABILITY = YES_AGGRESSIVE;
				CLANG_WARN_UNREACHABLE_CODE = YES;
				CLANG_WARN__DUPLICATE_METHOD_MATCH = YES;
				COPY_PHASE_STRIP = NO;
				DEBUG_INFORMATION_FORMAT = dwarf;
				ENABLE_STRICT_OBJC_MSGSEND = YES;
				ENABLE_TESTABILITY = YES;
				GCC_C_LANGUAGE_STANDARD = gnu11;
				GCC_DYNAMIC_NO_PIC = NO;
				GCC_NO_COMMON_BLOCKS = YES;
				GCC_OPTIMIZATION_LEVEL = 0;
				GCC_PREPROCESSOR_DEFINITIONS = (
					"DEBUG=1",
					"$(inherited)",
				);
				GCC_WARN_64_TO_32_BIT_CONVERSION = YES;
				GCC_WARN_ABOUT_RETURN_TYPE = YES_ERROR;
				GCC_WARN_UNDECLARED_SELECTOR = YES;
				GCC_WARN_UNINITIALIZED_AUTOS = YES_AGGRESSIVE;
				GCC_WARN_UNUSED_FUNCTION = YES;
				GCC_WARN_UNUSED_VARIABLE = YES;
				IPHONEOS_DEPLOYMENT_TARGET = 15.0;
				MTL_ENABLE_DEBUG_INFO = INCLUDE_SOURCE;
				MTL_FAST_MATH = YES;
				ONLY_ACTIVE_ARCH = YES;
				SDKROOT = iphoneos;
				SWIFT_ACTIVE_COMPILATION_CONDITIONS = DEBUG;
				SWIFT_OPTIMIZATION_LEVEL = "-Onone";
			};
			name = Debug;
		};
		03B4F9D2282C64EB00FF9A71 /* Release */ = {
			isa = XCBuildConfiguration;
			buildSettings = {
				ALWAYS_SEARCH_USER_PATHS = NO;
				CLANG_ANALYZER_NONNULL = YES;
				CLANG_ANALYZER_NUMBER_OBJECT_CONVERSION = YES_AGGRESSIVE;
				CLANG_CXX_LANGUAGE_STANDARD = "gnu++17";
				CLANG_CXX_LIBRARY = "libc++";
				CLANG_ENABLE_MODULES = YES;
				CLANG_ENABLE_OBJC_ARC = YES;
				CLANG_ENABLE_OBJC_WEAK = YES;
				CLANG_WARN_BLOCK_CAPTURE_AUTORELEASING = YES;
				CLANG_WARN_BOOL_CONVERSION = YES;
				CLANG_WARN_COMMA = YES;
				CLANG_WARN_CONSTANT_CONVERSION = YES;
				CLANG_WARN_DEPRECATED_OBJC_IMPLEMENTATIONS = YES;
				CLANG_WARN_DIRECT_OBJC_ISA_USAGE = YES_ERROR;
				CLANG_WARN_DOCUMENTATION_COMMENTS = YES;
				CLANG_WARN_EMPTY_BODY = YES;
				CLANG_WARN_ENUM_CONVERSION = YES;
				CLANG_WARN_INFINITE_RECURSION = YES;
				CLANG_WARN_INT_CONVERSION = YES;
				CLANG_WARN_NON_LITERAL_NULL_CONVERSION = YES;
				CLANG_WARN_OBJC_IMPLICIT_RETAIN_SELF = YES;
				CLANG_WARN_OBJC_LITERAL_CONVERSION = YES;
				CLANG_WARN_OBJC_ROOT_CLASS = YES_ERROR;
				CLANG_WARN_QUOTED_INCLUDE_IN_FRAMEWORK_HEADER = YES;
				CLANG_WARN_RANGE_LOOP_ANALYSIS = YES;
				CLANG_WARN_STRICT_PROTOTYPES = YES;
				CLANG_WARN_SUSPICIOUS_MOVE = YES;
				CLANG_WARN_UNGUARDED_AVAILABILITY = YES_AGGRESSIVE;
				CLANG_WARN_UNREACHABLE_CODE = YES;
				CLANG_WARN__DUPLICATE_METHOD_MATCH = YES;
				COPY_PHASE_STRIP = NO;
				DEBUG_INFORMATION_FORMAT = "dwarf-with-dsym";
				ENABLE_NS_ASSERTIONS = NO;
				ENABLE_STRICT_OBJC_MSGSEND = YES;
				GCC_C_LANGUAGE_STANDARD = gnu11;
				GCC_NO_COMMON_BLOCKS = YES;
				GCC_WARN_64_TO_32_BIT_CONVERSION = YES;
				GCC_WARN_ABOUT_RETURN_TYPE = YES_ERROR;
				GCC_WARN_UNDECLARED_SELECTOR = YES;
				GCC_WARN_UNINITIALIZED_AUTOS = YES_AGGRESSIVE;
				GCC_WARN_UNUSED_FUNCTION = YES;
				GCC_WARN_UNUSED_VARIABLE = YES;
				IPHONEOS_DEPLOYMENT_TARGET = 15.0;
				MTL_ENABLE_DEBUG_INFO = NO;
				MTL_FAST_MATH = YES;
				SDKROOT = iphoneos;
				SWIFT_COMPILATION_MODE = wholemodule;
				SWIFT_OPTIMIZATION_LEVEL = "-O";
				VALIDATE_PRODUCT = YES;
			};
			name = Release;
		};
		03B4F9D4282C64EB00FF9A71 /* Debug */ = {
			isa = XCBuildConfiguration;
			buildSettings = {
				ASSETCATALOG_COMPILER_APPICON_NAME = AppIcon;
				ASSETCATALOG_COMPILER_GLOBAL_ACCENT_COLOR_NAME = AccentColor;
				CODE_SIGN_STYLE = Automatic;
				CURRENT_PROJECT_VERSION = 1;
				GENERATE_INFOPLIST_FILE = YES;
				INFOPLIST_FILE = CatVoteIOS/Info.plist;
				INFOPLIST_KEY_UIApplicationSupportsIndirectInputEvents = YES;
				INFOPLIST_KEY_UILaunchStoryboardName = LaunchScreen;
				INFOPLIST_KEY_UIMainStoryboardFile = Main;
				INFOPLIST_KEY_UISupportedInterfaceOrientations_iPad = "UIInterfaceOrientationPortrait UIInterfaceOrientationPortraitUpsideDown UIInterfaceOrientationLandscapeLeft UIInterfaceOrientationLandscapeRight";
				INFOPLIST_KEY_UISupportedInterfaceOrientations_iPhone = "UIInterfaceOrientationPortrait UIInterfaceOrientationLandscapeLeft UIInterfaceOrientationLandscapeRight";
				LD_RUNPATH_SEARCH_PATHS = (
					"$(inherited)",
					"@executable_path/Frameworks",
				);
				MARKETING_VERSION = 1.0;
				PRODUCT_BUNDLE_IDENTIFIER = com.chavez.CatVoteIOS;
				PRODUCT_NAME = "$(TARGET_NAME)";
				SWIFT_EMIT_LOC_STRINGS = YES;
				SWIFT_VERSION = 5.0;
				TARGETED_DEVICE_FAMILY = "1,2";
			};
			name = Debug;
		};
		03B4F9D5282C64EB00FF9A71 /* Release */ = {
			isa = XCBuildConfiguration;
			buildSettings = {
				ASSETCATALOG_COMPILER_APPICON_NAME = AppIcon;
				ASSETCATALOG_COMPILER_GLOBAL_ACCENT_COLOR_NAME = AccentColor;
				CODE_SIGN_STYLE = Automatic;
				CURRENT_PROJECT_VERSION = 1;
				GENERATE_INFOPLIST_FILE = YES;
				INFOPLIST_FILE = CatVoteIOS/Info.plist;
				INFOPLIST_KEY_UIApplicationSupportsIndirectInputEvents = YES;
				INFOPLIST_KEY_UILaunchStoryboardName = LaunchScreen;
				INFOPLIST_KEY_UIMainStoryboardFile = Main;
				INFOPLIST_KEY_UISupportedInterfaceOrientations_iPad = "UIInterfaceOrientationPortrait UIInterfaceOrientationPortraitUpsideDown UIInterfaceOrientationLandscapeLeft UIInterfaceOrientationLandscapeRight";
				INFOPLIST_KEY_UISupportedInterfaceOrientations_iPhone = "UIInterfaceOrientationPortrait UIInterfaceOrientationLandscapeLeft UIInterfaceOrientationLandscapeRight";
				LD_RUNPATH_SEARCH_PATHS = (
					"$(inherited)",
					"@executable_path/Frameworks",
				);
				MARKETING_VERSION = 1.0;
				PRODUCT_BUNDLE_IDENTIFIER = com.chavez.CatVoteIOS;
				PRODUCT_NAME = "$(TARGET_NAME)";
				SWIFT_EMIT_LOC_STRINGS = YES;
				SWIFT_VERSION = 5.0;
				TARGETED_DEVICE_FAMILY = "1,2";
			};
			name = Release;
		};
/* End XCBuildConfiguration section */

/* Begin XCConfigurationList section */
		03B4F9BA282C64E800FF9A71 /* Build configuration list for PBXProject "CatVoteIOS" */ = {
			isa = XCConfigurationList;
			buildConfigurations = (
				03B4F9D1282C64EB00FF9A71 /* Debug */,
				03B4F9D2282C64EB00FF9A71 /* Release */,
			);
			defaultConfigurationIsVisible = 0;
			defaultConfigurationName = Release;
		};
		03B4F9D3282C64EB00FF9A71 /* Build configuration list for PBXNativeTarget "CatVoteIOS" */ = {
			isa = XCConfigurationList;
			buildConfigurations = (
				03B4F9D4282C64EB00FF9A71 /* Debug */,
				03B4F9D5282C64EB00FF9A71 /* Release */,
			);
			defaultConfigurationIsVisible = 0;
			defaultConfigurationName = Release;
		};
/* End XCConfigurationList section */

/* Begin XCVersionGroup section */
		038AFD93282D936E002BB1A2 /* CatBreedModel.xcdatamodeld */ = {
			isa = XCVersionGroup;
			children = (
				038AFD94282D936E002BB1A2 /* CatBreedModel.xcdatamodel */,
			);
			currentVersion = 038AFD94282D936E002BB1A2 /* CatBreedModel.xcdatamodel */;
			path = CatBreedModel.xcdatamodeld;
			sourceTree = "<group>";
			versionGroupType = wrapper.xcdatamodel;
		};
/* End XCVersionGroup section */
	};
	rootObject = 03B4F9B7282C64E800FF9A71 /* Project object */;
}
